
Microsoft Visual Studio Solution File, Format Version 12.00
# Visual Studio Version 16
VisualStudioVersion = 16.0.31205.134
MinimumVisualStudioVersion = 10.0.40219.1
Project("{FAE04EC0-301F-11D3-BF4B-00C04F79EFBC}") = "MethodHiding", "MethodHiding.csproj", "{620A62FB-9620-4207-B6D7-AF6E57DD1CFA}"
EndProject
Global
	GlobalSection(SolutionConfigurationPlatforms) = preSolution
		Debug|Any CPU = Debug|Any CPU
		Release|Any CPU = Release|Any CPU
	EndGlobalSection
	GlobalSection(ProjectConfigurationPlatforms) = postSolution
		{620A62FB-9620-4207-B6D7-AF6E57DD1CFA}.Debug|Any CPU.ActiveCfg = Debug|Any CPU
		{620A62FB-9620-4207-B6D7-AF6E57DD1CFA}.Debug|Any CPU.Build.0 = Debug|Any CPU
		{620A62FB-9620-4207-B6D7-AF6E57DD1CFA}.Release|Any CPU.ActiveCfg = Release|Any CPU
		{620A62FB-9620-4207-B6D7-AF6E57DD1CFA}.Release|Any CPU.Build.0 = Release|Any CPU
	EndGlobalSection
	GlobalSection(SolutionProperties) = preSolution
		HideSolutionNode = FALSE
	EndGlobalSection
	GlobalSection(ExtensibilityGlobals) = postSolution
		SolutionGuid = {C70F9A5C-E251-4222-AC87-662572B3014E}
	EndGlobalSection
EndGlobal
