
Microsoft Visual Studio Solution File, Format Version 12.00
# Visual Studio Version 16
VisualStudioVersion = 16.0.31205.134
MinimumVisualStudioVersion = 10.0.40219.1
Project("{FAE04EC0-301F-11D3-BF4B-00C04F79EFBC}") = "NestedClass", "NestedClass.csproj", "{A444A43E-E961-49B4-9F91-86E539AC0D22}"
EndProject
Global
	GlobalSection(SolutionConfigurationPlatforms) = preSolution
		Debug|Any CPU = Debug|Any CPU
		Release|Any CPU = Release|Any CPU
	EndGlobalSection
	GlobalSection(ProjectConfigurationPlatforms) = postSolution
		{A444A43E-E961-49B4-9F91-86E539AC0D22}.Debug|Any CPU.ActiveCfg = Debug|Any CPU
		{A444A43E-E961-49B4-9F91-86E539AC0D22}.Debug|Any CPU.Build.0 = Debug|Any CPU
		{A444A43E-E961-49B4-9F91-86E539AC0D22}.Release|Any CPU.ActiveCfg = Release|Any CPU
		{A444A43E-E961-49B4-9F91-86E539AC0D22}.Release|Any CPU.Build.0 = Release|Any CPU
	EndGlobalSection
	GlobalSection(SolutionProperties) = preSolution
		HideSolutionNode = FALSE
	EndGlobalSection
	GlobalSection(ExtensibilityGlobals) = postSolution
		SolutionGuid = {A1EDC96E-5B60-4205-80BF-B23611E62CB2}
	EndGlobalSection
EndGlobal
