
Microsoft Visual Studio Solution File, Format Version 12.00
# Visual Studio Version 16
VisualStudioVersion = 16.0.31205.134
MinimumVisualStudioVersion = 10.0.40219.1
Project("{FAE04EC0-301F-11D3-BF4B-00C04F79EFBC}") = "RefReturn", "RefReturn.csproj", "{269F406D-E324-42F7-85B6-2D519BE2A682}"
EndProject
Global
	GlobalSection(SolutionConfigurationPlatforms) = preSolution
		Debug|Any CPU = Debug|Any CPU
		Release|Any CPU = Release|Any CPU
	EndGlobalSection
	GlobalSection(ProjectConfigurationPlatforms) = postSolution
		{269F406D-E324-42F7-85B6-2D519BE2A682}.Debug|Any CPU.ActiveCfg = Debug|Any CPU
		{269F406D-E324-42F7-85B6-2D519BE2A682}.Debug|Any CPU.Build.0 = Debug|Any CPU
		{269F406D-E324-42F7-85B6-2D519BE2A682}.Release|Any CPU.ActiveCfg = Release|Any CPU
		{269F406D-E324-42F7-85B6-2D519BE2A682}.Release|Any CPU.Build.0 = Release|Any CPU
	EndGlobalSection
	GlobalSection(SolutionProperties) = preSolution
		HideSolutionNode = FALSE
	EndGlobalSection
	GlobalSection(ExtensibilityGlobals) = postSolution
		SolutionGuid = {6BD57678-04FB-4DE8-BAF4-C04E78BCC744}
	EndGlobalSection
EndGlobal
