
Microsoft Visual Studio Solution File, Format Version 12.00
# Visual Studio Version 16
VisualStudioVersion = 16.0.31205.134
MinimumVisualStudioVersion = 10.0.40219.1
Project("{FAE04EC0-301F-11D3-BF4B-00C04F79EFBC}") = "AutoImplementProperty", "AutoImplementProperty.csproj", "{996415D1-E059-4F12-9083-FF1763BE8F0C}"
EndProject
Global
	GlobalSection(SolutionConfigurationPlatforms) = preSolution
		Debug|Any CPU = Debug|Any CPU
		Release|Any CPU = Release|Any CPU
	EndGlobalSection
	GlobalSection(ProjectConfigurationPlatforms) = postSolution
		{996415D1-E059-4F12-9083-FF1763BE8F0C}.Debug|Any CPU.ActiveCfg = Debug|Any CPU
		{996415D1-E059-4F12-9083-FF1763BE8F0C}.Debug|Any CPU.Build.0 = Debug|Any CPU
		{996415D1-E059-4F12-9083-FF1763BE8F0C}.Release|Any CPU.ActiveCfg = Release|Any CPU
		{996415D1-E059-4F12-9083-FF1763BE8F0C}.Release|Any CPU.Build.0 = Release|Any CPU
	EndGlobalSection
	GlobalSection(SolutionProperties) = preSolution
		HideSolutionNode = FALSE
	EndGlobalSection
	GlobalSection(ExtensibilityGlobals) = postSolution
		SolutionGuid = {A43A9F1D-BD8A-4E65-AD67-18B0543018B5}
	EndGlobalSection
EndGlobal
