
Microsoft Visual Studio Solution File, Format Version 12.00
# Visual Studio Version 16
VisualStudioVersion = 16.0.31205.134
MinimumVisualStudioVersion = 10.0.40219.1
Project("{FAE04EC0-301F-11D3-BF4B-00C04F79EFBC}") = "SwapByRef", "SwapByRef.csproj", "{699AFD92-03E8-41BF-AC60-A418C275C1A6}"
EndProject
Global
	GlobalSection(SolutionConfigurationPlatforms) = preSolution
		Debug|Any CPU = Debug|Any CPU
		Release|Any CPU = Release|Any CPU
	EndGlobalSection
	GlobalSection(ProjectConfigurationPlatforms) = postSolution
		{699AFD92-03E8-41BF-AC60-A418C275C1A6}.Debug|Any CPU.ActiveCfg = Debug|Any CPU
		{699AFD92-03E8-41BF-AC60-A418C275C1A6}.Debug|Any CPU.Build.0 = Debug|Any CPU
		{699AFD92-03E8-41BF-AC60-A418C275C1A6}.Release|Any CPU.ActiveCfg = Release|Any CPU
		{699AFD92-03E8-41BF-AC60-A418C275C1A6}.Release|Any CPU.Build.0 = Release|Any CPU
	EndGlobalSection
	GlobalSection(SolutionProperties) = preSolution
		HideSolutionNode = FALSE
	EndGlobalSection
	GlobalSection(ExtensibilityGlobals) = postSolution
		SolutionGuid = {712CE817-F5EF-48E4-BD5F-2495D77D78F7}
	EndGlobalSection
EndGlobal
