
Microsoft Visual Studio Solution File, Format Version 12.00
# Visual Studio Version 16
VisualStudioVersion = 16.0.31205.134
MinimumVisualStudioVersion = 10.0.40219.1
Project("{FAE04EC0-301F-11D3-BF4B-00C04F79EFBC}") = "PropertiesInInterface", "PropertiesInInterface.csproj", "{06C1D67C-3CC0-4A58-8067-C11193C66648}"
EndProject
Global
	GlobalSection(SolutionConfigurationPlatforms) = preSolution
		Debug|Any CPU = Debug|Any CPU
		Release|Any CPU = Release|Any CPU
	EndGlobalSection
	GlobalSection(ProjectConfigurationPlatforms) = postSolution
		{06C1D67C-3CC0-4A58-8067-C11193C66648}.Debug|Any CPU.ActiveCfg = Debug|Any CPU
		{06C1D67C-3CC0-4A58-8067-C11193C66648}.Debug|Any CPU.Build.0 = Debug|Any CPU
		{06C1D67C-3CC0-4A58-8067-C11193C66648}.Release|Any CPU.ActiveCfg = Release|Any CPU
		{06C1D67C-3CC0-4A58-8067-C11193C66648}.Release|Any CPU.Build.0 = Release|Any CPU
	EndGlobalSection
	GlobalSection(SolutionProperties) = preSolution
		HideSolutionNode = FALSE
	EndGlobalSection
	GlobalSection(ExtensibilityGlobals) = postSolution
		SolutionGuid = {D0EE0CD4-D7F6-4BAA-A43B-169C4B8DA41F}
	EndGlobalSection
EndGlobal
