
Microsoft Visual Studio Solution File, Format Version 12.00
# Visual Studio Version 16
VisualStudioVersion = 16.0.31205.134
MinimumVisualStudioVersion = 10.0.40219.1
Project("{FAE04EC0-301F-11D3-BF4B-00C04F79EFBC}") = "StringFormatDateTime", "StringFormatDateTime.csproj", "{87EB25F9-68C3-4D33-BCD5-68D584150480}"
EndProject
Global
	GlobalSection(SolutionConfigurationPlatforms) = preSolution
		Debug|Any CPU = Debug|Any CPU
		Release|Any CPU = Release|Any CPU
	EndGlobalSection
	GlobalSection(ProjectConfigurationPlatforms) = postSolution
		{87EB25F9-68C3-4D33-BCD5-68D584150480}.Debug|Any CPU.ActiveCfg = Debug|Any CPU
		{87EB25F9-68C3-4D33-BCD5-68D584150480}.Debug|Any CPU.Build.0 = Debug|Any CPU
		{87EB25F9-68C3-4D33-BCD5-68D584150480}.Release|Any CPU.ActiveCfg = Release|Any CPU
		{87EB25F9-68C3-4D33-BCD5-68D584150480}.Release|Any CPU.Build.0 = Release|Any CPU
	EndGlobalSection
	GlobalSection(SolutionProperties) = preSolution
		HideSolutionNode = FALSE
	EndGlobalSection
	GlobalSection(ExtensibilityGlobals) = postSolution
		SolutionGuid = {BBC9D847-B145-4367-9240-3BDFCEC653F2}
	EndGlobalSection
EndGlobal
