
Microsoft Visual Studio Solution File, Format Version 12.00
# Visual Studio Version 16
VisualStudioVersion = 16.0.31205.134
MinimumVisualStudioVersion = 10.0.40219.1
Project("{FAE04EC0-301F-11D3-BF4B-00C04F79EFBC}") = "NullConditionalOperator", "NullConditionalOperator.csproj", "{355D5F4F-0C8A-425B-8CE8-0B297A21F0EE}"
EndProject
Global
	GlobalSection(SolutionConfigurationPlatforms) = preSolution
		Debug|Any CPU = Debug|Any CPU
		Release|Any CPU = Release|Any CPU
	EndGlobalSection
	GlobalSection(ProjectConfigurationPlatforms) = postSolution
		{355D5F4F-0C8A-425B-8CE8-0B297A21F0EE}.Debug|Any CPU.ActiveCfg = Debug|Any CPU
		{355D5F4F-0C8A-425B-8CE8-0B297A21F0EE}.Debug|Any CPU.Build.0 = Debug|Any CPU
		{355D5F4F-0C8A-425B-8CE8-0B297A21F0EE}.Release|Any CPU.ActiveCfg = Release|Any CPU
		{355D5F4F-0C8A-425B-8CE8-0B297A21F0EE}.Release|Any CPU.Build.0 = Release|Any CPU
	EndGlobalSection
	GlobalSection(SolutionProperties) = preSolution
		HideSolutionNode = FALSE
	EndGlobalSection
	GlobalSection(ExtensibilityGlobals) = postSolution
		SolutionGuid = {0CC6779F-4211-4D91-BCAF-5577CC4F9F4B}
	EndGlobalSection
EndGlobal
