
Microsoft Visual Studio Solution File, Format Version 12.00
# Visual Studio Version 16
VisualStudioVersion = 16.0.31205.134
MinimumVisualStudioVersion = 10.0.40219.1
Project("{FAE04EC0-301F-11D3-BF4B-00C04F79EFBC}") = "SwapByValue", "SwapByValue.csproj", "{0C668B75-D8B7-4664-97B3-4383BDE912C7}"
EndProject
Global
	GlobalSection(SolutionConfigurationPlatforms) = preSolution
		Debug|Any CPU = Debug|Any CPU
		Release|Any CPU = Release|Any CPU
	EndGlobalSection
	GlobalSection(ProjectConfigurationPlatforms) = postSolution
		{0C668B75-D8B7-4664-97B3-4383BDE912C7}.Debug|Any CPU.ActiveCfg = Debug|Any CPU
		{0C668B75-D8B7-4664-97B3-4383BDE912C7}.Debug|Any CPU.Build.0 = Debug|Any CPU
		{0C668B75-D8B7-4664-97B3-4383BDE912C7}.Release|Any CPU.ActiveCfg = Release|Any CPU
		{0C668B75-D8B7-4664-97B3-4383BDE912C7}.Release|Any CPU.Build.0 = Release|Any CPU
	EndGlobalSection
	GlobalSection(SolutionProperties) = preSolution
		HideSolutionNode = FALSE
	EndGlobalSection
	GlobalSection(ExtensibilityGlobals) = postSolution
		SolutionGuid = {482C25EE-32C2-439B-B10B-FC739A3AA5FF}
	EndGlobalSection
EndGlobal
