
Microsoft Visual Studio Solution File, Format Version 12.00
# Visual Studio Version 16
VisualStudioVersion = 16.0.31205.134
MinimumVisualStudioVersion = 10.0.40219.1
Project("{FAE04EC0-301F-11D3-BF4B-00C04F79EFBC}") = "FloatConversion", "FloatConversion.csproj", "{11E6CECD-19B8-46A7-BEDF-426FC105B4A2}"
EndProject
Global
	GlobalSection(SolutionConfigurationPlatforms) = preSolution
		Debug|Any CPU = Debug|Any CPU
		Release|Any CPU = Release|Any CPU
	EndGlobalSection
	GlobalSection(ProjectConfigurationPlatforms) = postSolution
		{11E6CECD-19B8-46A7-BEDF-426FC105B4A2}.Debug|Any CPU.ActiveCfg = Debug|Any CPU
		{11E6CECD-19B8-46A7-BEDF-426FC105B4A2}.Debug|Any CPU.Build.0 = Debug|Any CPU
		{11E6CECD-19B8-46A7-BEDF-426FC105B4A2}.Release|Any CPU.ActiveCfg = Release|Any CPU
		{11E6CECD-19B8-46A7-BEDF-426FC105B4A2}.Release|Any CPU.Build.0 = Release|Any CPU
	EndGlobalSection
	GlobalSection(SolutionProperties) = preSolution
		HideSolutionNode = FALSE
	EndGlobalSection
	GlobalSection(ExtensibilityGlobals) = postSolution
		SolutionGuid = {9A01580C-738D-47F5-AABD-8405FC99B30F}
	EndGlobalSection
EndGlobal
