
Microsoft Visual Studio Solution File, Format Version 12.00
# Visual Studio Version 16
VisualStudioVersion = 16.0.31205.134
MinimumVisualStudioVersion = 10.0.40219.1
Project("{FAE04EC0-301F-11D3-BF4B-00C04F79EFBC}") = "ConditionalOperator", "ConditionalOperator.csproj", "{C0DD375D-946B-4CF7-8CBF-25C8E622313F}"
EndProject
Global
	GlobalSection(SolutionConfigurationPlatforms) = preSolution
		Debug|Any CPU = Debug|Any CPU
		Release|Any CPU = Release|Any CPU
	EndGlobalSection
	GlobalSection(ProjectConfigurationPlatforms) = postSolution
		{C0DD375D-946B-4CF7-8CBF-25C8E622313F}.Debug|Any CPU.ActiveCfg = Debug|Any CPU
		{C0DD375D-946B-4CF7-8CBF-25C8E622313F}.Debug|Any CPU.Build.0 = Debug|Any CPU
		{C0DD375D-946B-4CF7-8CBF-25C8E622313F}.Release|Any CPU.ActiveCfg = Release|Any CPU
		{C0DD375D-946B-4CF7-8CBF-25C8E622313F}.Release|Any CPU.Build.0 = Release|Any CPU
	EndGlobalSection
	GlobalSection(SolutionProperties) = preSolution
		HideSolutionNode = FALSE
	EndGlobalSection
	GlobalSection(ExtensibilityGlobals) = postSolution
		SolutionGuid = {98460F7A-6675-479E-A0D0-7A7F1A74EA27}
	EndGlobalSection
EndGlobal
