
Microsoft Visual Studio Solution File, Format Version 12.00
# Visual Studio Version 16
VisualStudioVersion = 16.0.31205.134
MinimumVisualStudioVersion = 10.0.40219.1
Project("{FAE04EC0-301F-11D3-BF4B-00C04F79EFBC}") = "While", "While.csproj", "{04873381-5C82-4DF3-AFE6-333D97750BD1}"
EndProject
Global
	GlobalSection(SolutionConfigurationPlatforms) = preSolution
		Debug|Any CPU = Debug|Any CPU
		Release|Any CPU = Release|Any CPU
	EndGlobalSection
	GlobalSection(ProjectConfigurationPlatforms) = postSolution
		{04873381-5C82-4DF3-AFE6-333D97750BD1}.Debug|Any CPU.ActiveCfg = Debug|Any CPU
		{04873381-5C82-4DF3-AFE6-333D97750BD1}.Debug|Any CPU.Build.0 = Debug|Any CPU
		{04873381-5C82-4DF3-AFE6-333D97750BD1}.Release|Any CPU.ActiveCfg = Release|Any CPU
		{04873381-5C82-4DF3-AFE6-333D97750BD1}.Release|Any CPU.Build.0 = Release|Any CPU
	EndGlobalSection
	GlobalSection(SolutionProperties) = preSolution
		HideSolutionNode = FALSE
	EndGlobalSection
	GlobalSection(ExtensibilityGlobals) = postSolution
		SolutionGuid = {F4566005-14B6-481D-AECB-344574CCCA29}
	EndGlobalSection
EndGlobal
