
Microsoft Visual Studio Solution File, Format Version 12.00
# Visual Studio Version 16
VisualStudioVersion = 16.0.31205.134
MinimumVisualStudioVersion = 10.0.40219.1
Project("{FAE04EC0-301F-11D3-BF4B-00C04F79EFBC}") = "InitOnly", "InitOnly.csproj", "{53AFD241-59E1-4F2C-9104-6C1B18A53AF0}"
EndProject
Global
	GlobalSection(SolutionConfigurationPlatforms) = preSolution
		Debug|Any CPU = Debug|Any CPU
		Release|Any CPU = Release|Any CPU
	EndGlobalSection
	GlobalSection(ProjectConfigurationPlatforms) = postSolution
		{53AFD241-59E1-4F2C-9104-6C1B18A53AF0}.Debug|Any CPU.ActiveCfg = Debug|Any CPU
		{53AFD241-59E1-4F2C-9104-6C1B18A53AF0}.Debug|Any CPU.Build.0 = Debug|Any CPU
		{53AFD241-59E1-4F2C-9104-6C1B18A53AF0}.Release|Any CPU.ActiveCfg = Release|Any CPU
		{53AFD241-59E1-4F2C-9104-6C1B18A53AF0}.Release|Any CPU.Build.0 = Release|Any CPU
	EndGlobalSection
	GlobalSection(SolutionProperties) = preSolution
		HideSolutionNode = FALSE
	EndGlobalSection
	GlobalSection(ExtensibilityGlobals) = postSolution
		SolutionGuid = {6FD3AE34-5B40-495A-A9BE-167A530D7EC5}
	EndGlobalSection
EndGlobal
