
Microsoft Visual Studio Solution File, Format Version 12.00
# Visual Studio Version 16
VisualStudioVersion = 16.0.31205.134
MinimumVisualStudioVersion = 10.0.40219.1
Project("{FAE04EC0-301F-11D3-BF4B-00C04F79EFBC}") = "Switch2", "Switch2.csproj", "{950360D2-C9F8-4520-82B6-C94D3F34FC25}"
EndProject
Global
	GlobalSection(SolutionConfigurationPlatforms) = preSolution
		Debug|Any CPU = Debug|Any CPU
		Release|Any CPU = Release|Any CPU
	EndGlobalSection
	GlobalSection(ProjectConfigurationPlatforms) = postSolution
		{950360D2-C9F8-4520-82B6-C94D3F34FC25}.Debug|Any CPU.ActiveCfg = Debug|Any CPU
		{950360D2-C9F8-4520-82B6-C94D3F34FC25}.Debug|Any CPU.Build.0 = Debug|Any CPU
		{950360D2-C9F8-4520-82B6-C94D3F34FC25}.Release|Any CPU.ActiveCfg = Release|Any CPU
		{950360D2-C9F8-4520-82B6-C94D3F34FC25}.Release|Any CPU.Build.0 = Release|Any CPU
	EndGlobalSection
	GlobalSection(SolutionProperties) = preSolution
		HideSolutionNode = FALSE
	EndGlobalSection
	GlobalSection(ExtensibilityGlobals) = postSolution
		SolutionGuid = {5DFAE329-24E2-4C88-87F5-121558571EA3}
	EndGlobalSection
EndGlobal
