
Microsoft Visual Studio Solution File, Format Version 12.00
# Visual Studio Version 16
VisualStudioVersion = 16.0.31205.134
MinimumVisualStudioVersion = 10.0.40219.1
Project("{FAE04EC0-301F-11D3-BF4B-00C04F79EFBC}") = "PropertiesInAbstractClass", "PropertiesInAbstractClass.csproj", "{440F7538-7BFE-4229-AAFC-387F54EBC558}"
EndProject
Global
	GlobalSection(SolutionConfigurationPlatforms) = preSolution
		Debug|Any CPU = Debug|Any CPU
		Release|Any CPU = Release|Any CPU
	EndGlobalSection
	GlobalSection(ProjectConfigurationPlatforms) = postSolution
		{440F7538-7BFE-4229-AAFC-387F54EBC558}.Debug|Any CPU.ActiveCfg = Debug|Any CPU
		{440F7538-7BFE-4229-AAFC-387F54EBC558}.Debug|Any CPU.Build.0 = Debug|Any CPU
		{440F7538-7BFE-4229-AAFC-387F54EBC558}.Release|Any CPU.ActiveCfg = Release|Any CPU
		{440F7538-7BFE-4229-AAFC-387F54EBC558}.Release|Any CPU.Build.0 = Release|Any CPU
	EndGlobalSection
	GlobalSection(SolutionProperties) = preSolution
		HideSolutionNode = FALSE
	EndGlobalSection
	GlobalSection(ExtensibilityGlobals) = postSolution
		SolutionGuid = {935FE230-927E-46FE-A213-8B7FB6716A91}
	EndGlobalSection
EndGlobal
