
Microsoft Visual Studio Solution File, Format Version 12.00
# Visual Studio Version 16
VisualStudioVersion = 16.0.31205.134
MinimumVisualStudioVersion = 10.0.40219.1
Project("{FAE04EC0-301F-11D3-BF4B-00C04F79EFBC}") = "RecordComp", "RecordComp.csproj", "{8B6F3B66-52F3-4E52-AFA0-A28D6D690808}"
EndProject
Global
	GlobalSection(SolutionConfigurationPlatforms) = preSolution
		Debug|Any CPU = Debug|Any CPU
		Release|Any CPU = Release|Any CPU
	EndGlobalSection
	GlobalSection(ProjectConfigurationPlatforms) = postSolution
		{8B6F3B66-52F3-4E52-AFA0-A28D6D690808}.Debug|Any CPU.ActiveCfg = Debug|Any CPU
		{8B6F3B66-52F3-4E52-AFA0-A28D6D690808}.Debug|Any CPU.Build.0 = Debug|Any CPU
		{8B6F3B66-52F3-4E52-AFA0-A28D6D690808}.Release|Any CPU.ActiveCfg = Release|Any CPU
		{8B6F3B66-52F3-4E52-AFA0-A28D6D690808}.Release|Any CPU.Build.0 = Release|Any CPU
	EndGlobalSection
	GlobalSection(SolutionProperties) = preSolution
		HideSolutionNode = FALSE
	EndGlobalSection
	GlobalSection(ExtensibilityGlobals) = postSolution
		SolutionGuid = {921002E9-FDA3-4C1D-8E2D-3954AFA8195E}
	EndGlobalSection
EndGlobal
