
Microsoft Visual Studio Solution File, Format Version 12.00
# Visual Studio Version 16
VisualStudioVersion = 16.0.31205.134
MinimumVisualStudioVersion = 10.0.40219.1
Project("{FAE04EC0-301F-11D3-BF4B-00C04F79EFBC}") = "Decimal", "Decimal.csproj", "{9A6F9610-A424-43B3-8128-58F2E7B0AE2C}"
EndProject
Global
	GlobalSection(SolutionConfigurationPlatforms) = preSolution
		Debug|Any CPU = Debug|Any CPU
		Release|Any CPU = Release|Any CPU
	EndGlobalSection
	GlobalSection(ProjectConfigurationPlatforms) = postSolution
		{9A6F9610-A424-43B3-8128-58F2E7B0AE2C}.Debug|Any CPU.ActiveCfg = Debug|Any CPU
		{9A6F9610-A424-43B3-8128-58F2E7B0AE2C}.Debug|Any CPU.Build.0 = Debug|Any CPU
		{9A6F9610-A424-43B3-8128-58F2E7B0AE2C}.Release|Any CPU.ActiveCfg = Release|Any CPU
		{9A6F9610-A424-43B3-8128-58F2E7B0AE2C}.Release|Any CPU.Build.0 = Release|Any CPU
	EndGlobalSection
	GlobalSection(SolutionProperties) = preSolution
		HideSolutionNode = FALSE
	EndGlobalSection
	GlobalSection(ExtensibilityGlobals) = postSolution
		SolutionGuid = {F6BBD420-430F-4E94-84EC-1C2DBF47FFED}
	EndGlobalSection
EndGlobal
