
Microsoft Visual Studio Solution File, Format Version 12.00
# Visual Studio Version 16
VisualStudioVersion = 16.0.31205.134
MinimumVisualStudioVersion = 10.0.40219.1
Project("{FAE04EC0-301F-11D3-BF4B-00C04F79EFBC}") = "Enum", "Enum.csproj", "{549A9B32-66DB-44B8-971B-3CEA88E2BF0C}"
EndProject
Global
	GlobalSection(SolutionConfigurationPlatforms) = preSolution
		Debug|Any CPU = Debug|Any CPU
		Release|Any CPU = Release|Any CPU
	EndGlobalSection
	GlobalSection(ProjectConfigurationPlatforms) = postSolution
		{549A9B32-66DB-44B8-971B-3CEA88E2BF0C}.Debug|Any CPU.ActiveCfg = Debug|Any CPU
		{549A9B32-66DB-44B8-971B-3CEA88E2BF0C}.Debug|Any CPU.Build.0 = Debug|Any CPU
		{549A9B32-66DB-44B8-971B-3CEA88E2BF0C}.Release|Any CPU.ActiveCfg = Release|Any CPU
		{549A9B32-66DB-44B8-971B-3CEA88E2BF0C}.Release|Any CPU.Build.0 = Release|Any CPU
	EndGlobalSection
	GlobalSection(SolutionProperties) = preSolution
		HideSolutionNode = FALSE
	EndGlobalSection
	GlobalSection(ExtensibilityGlobals) = postSolution
		SolutionGuid = {3865469E-893C-4FF2-B453-538AB8FAE603}
	EndGlobalSection
EndGlobal
